{
  "name": "JohnClick",
  "lockfileVersion": 3,
  "requires": true,
  "packages": {
    "": {
      "dependencies": {
        "dreamland": "^0.0.25"
      }
    },
    "node_modules/dreamland": {
      "version": "0.0.25",
      "resolved": "https://registry.npmjs.org/dreamland/-/dreamland-0.0.25.tgz",
      "integrity": "sha512-REhB1T/6do8R7nwa/B0+ie0tTWY97cLsfPwmmqSHOMCu2Qw+cVSWhqTDB1Boklqg9Z8qfRkmGU/rknu0R48QWw=="
    }
  }
}
